// !$*UTF8*$!
{
	archiveVersion = 1;
	classes = {
	};
	objectVersion = 46;
	objects = {
/* Begin PBXBuildFile section */
		0207DA581B56EA530066E2B4 /* Images.xcassets in Resources */ = {isa = PBXBuildFile; fileRef = 0207DA571B56EA530066E2B4 /* Images.xcassets */; };
		1D3623260D0F684500981E51 /* AppDelegate.m in Sources */ = {isa = PBXBuildFile; fileRef = 1D3623250D0F684500981E51 /* AppDelegate.m */; };
		1D60589B0D05DD56006BFB54 /* main.m in Sources */ = {isa = PBXBuildFile; fileRef = 29B97316FDCFA39411CA2CEA /* main.m */; };
		301BF552109A68D80062928A /* libCordova.a in Frameworks */ = {isa = PBXBuildFile; fileRef = 301BF535109A57CC0062928A /* libCordova.a */; };
		302D95F114D2391D003F00A1 /* MainViewController.m in Sources */ = {isa = PBXBuildFile; fileRef = 302D95EF14D2391D003F00A1 /* MainViewController.m */; };
		302D95F214D2391D003F00A1 /* MainViewController.xib in Resources */ = {isa = PBXBuildFile; fileRef = 302D95F014D2391D003F00A1 /* MainViewController.xib */; };
		3047A5121AB8059700498E2A /* build-debug.xcconfig in Resources */ = {isa = PBXBuildFile; fileRef = 3047A50F1AB8059700498E2A /* build-debug.xcconfig */; };
		3047A5131AB8059700498E2A /* build-release.xcconfig in Resources */ = {isa = PBXBuildFile; fileRef = 3047A5101AB8059700498E2A /* build-release.xcconfig */; };
		3047A5141AB8059700498E2A /* build.xcconfig in Resources */ = {isa = PBXBuildFile; fileRef = 3047A5111AB8059700498E2A /* build.xcconfig */; };
		6AFF5BF91D6E424B00AB3073 /* CDVLaunchScreen.storyboard in Resources */ = {isa = PBXBuildFile; fileRef = 6AFF5BF81D6E424B00AB3073 /* CDVLaunchScreen.storyboard */; };
		2E80979D42354330B33C277A /* CDVLogger.m in Sources */ = {isa = PBXBuildFile; fileRef = 6E228A2F73B7474E900978E2 /* CDVLogger.m */; };
		41C021872C6146039E395D33 /* CDVDevice.m in Sources */ = {isa = PBXBuildFile; fileRef = DEE12F3A0F4D4E1280986CAC /* CDVDevice.m */; };
		F3E915298C1C43C1BBAECF73 /* CDVWKWebViewEngine.m in Sources */ = {isa = PBXBuildFile; fileRef = 8AA211C9F1C144BB9DFAA07F /* CDVWKWebViewEngine.m */; };
		5C265F92D2774CEF83315094 /* CDVWKWebViewUIDelegate.m in Sources */ = {isa = PBXBuildFile; fileRef = B59231074F0D49C184C175B3 /* CDVWKWebViewUIDelegate.m */; };
		3A00394635DE415CB989A5C7 /* CDVWKProcessPoolFactory.m in Sources */ = {isa = PBXBuildFile; fileRef = 83E3BE4E2EDA4501B33FC5C7 /* CDVWKProcessPoolFactory.m */; };
		DDC00EDD9C6C48DBA9135BD9 /* GCDWebServer.m in Sources */ = {isa = PBXBuildFile; fileRef = 6DBDFE68CA2E42D58D9904DC /* GCDWebServer.m */; };
		5868C9E1B5F743088442B0E8 /* GCDWebServerConnection.m in Sources */ = {isa = PBXBuildFile; fileRef = 506905BE079242759598DC24 /* GCDWebServerConnection.m */; };
		4DA3C63C030F4966A664C259 /* GCDWebServerFunctions.m in Sources */ = {isa = PBXBuildFile; fileRef = 9AE6A7E1C253478498EB0D34 /* GCDWebServerFunctions.m */; };
		A609D05849EB47FB8E5469C5 /* GCDWebServerRequest.m in Sources */ = {isa = PBXBuildFile; fileRef = 96076A424E3741319184AD79 /* GCDWebServerRequest.m */; };
		2F6A9382A2994C1080494480 /* GCDWebServerResponse.m in Sources */ = {isa = PBXBuildFile; fileRef = FB26B899184743B5A14608C8 /* GCDWebServerResponse.m */; };
		91EEE9B03BA04F47B9B82B40 /* GCDWebServerDataRequest.m in Sources */ = {isa = PBXBuildFile; fileRef = 14E35E2EFC7E4AD4B3886830 /* GCDWebServerDataRequest.m */; };
		B7476292C1CE4346B2DBE4B0 /* GCDWebServerFileRequest.m in Sources */ = {isa = PBXBuildFile; fileRef = 191DD15834C742E4A76AB3DA /* GCDWebServerFileRequest.m */; };
		1942DC8C3FC5484E88B63542 /* GCDWebServerMultiPartFormRequest.m in Sources */ = {isa = PBXBuildFile; fileRef = D949424FBCAB4B53B661E0DC /* GCDWebServerMultiPartFormRequest.m */; };
		F0B63911A76D4CB78E24B31E /* GCDWebServerURLEncodedFormRequest.m in Sources */ = {isa = PBXBuildFile; fileRef = 90AB0DA0006049AFA2B609CE /* GCDWebServerURLEncodedFormRequest.m */; };
		11CD81DEB24647429369794D /* GCDWebServerDataResponse.m in Sources */ = {isa = PBXBuildFile; fileRef = 80C8874F2466409FAF5F52F5 /* GCDWebServerDataResponse.m */; };
		7EF2C21B369E4800A7F1AA72 /* GCDWebServerErrorResponse.m in Sources */ = {isa = PBXBuildFile; fileRef = E29DD1AFC6084FB0B65DA539 /* GCDWebServerErrorResponse.m */; };
		5C4551086E984DE888930707 /* GCDWebServerFileResponse.m in Sources */ = {isa = PBXBuildFile; fileRef = AB96184E37124C5BA2D6A313 /* GCDWebServerFileResponse.m */; };
		F02E203C0A8C4952B18F0FB5 /* GCDWebServerStreamedResponse.m in Sources */ = {isa = PBXBuildFile; fileRef = 1EA9C3A62CBA4F3C8733015E /* GCDWebServerStreamedResponse.m */; };
		A537A2CA076B45DCAC8C99F8 /* WebKit.framework in Frameworks */ = {isa = PBXBuildFile; fileRef = 54B467305CE24240970FE4D5 /* WebKit.framework */; settings = {ATTRIBUTES = (Weak, ); }; };
		7F2B3D13935D480E852C6F79 /* libz.tbd in Frameworks */ = {isa = PBXBuildFile; fileRef = 61DB8B6602D946EE8B05EA8F /* libz.tbd */; };
		7F66F9AAE66D4F8CAC428CD5 /* CDVSplashScreen.m in Sources */ = {isa = PBXBuildFile; fileRef = 006F7E0A65114926A830CB75 /* CDVSplashScreen.m */; };
		B9AB0B030FA84C60A7B063D5 /* CDVViewController+SplashScreen.m in Sources */ = {isa = PBXBuildFile; fileRef = 338329E5DE124C30B005F78D /* CDVViewController+SplashScreen.m */; };
		27FB3A20BBC34E4FA31EE366 /* CDVStatusBar.m in Sources */ = {isa = PBXBuildFile; fileRef = ACDEAA39DA6C479A845E8FCC /* CDVStatusBar.m */; };
		DDFFD118075A429E80493305 /* IonicKeyboard.m in Sources */ = {isa = PBXBuildFile; fileRef = C739D2876EF541AAB16B7F13 /* IonicKeyboard.m */; };
/* End PBXBuildFile section */

/* Begin PBXContainerItemProxy section */
		301BF534109A57CC0062928A /* PBXContainerItemProxy */ = {
			isa = PBXContainerItemProxy;
			containerPortal = 301BF52D109A57CC0062928A /* CordovaLib.xcodeproj */;
			proxyType = 2;
			remoteGlobalIDString = D2AAC07E0554694100DB518D;
			remoteInfo = CordovaLib;
		};
		301BF550109A68C00062928A /* PBXContainerItemProxy */ = {
			isa = PBXContainerItemProxy;
			containerPortal = 301BF52D109A57CC0062928A /* CordovaLib.xcodeproj */;
			proxyType = 1;
			remoteGlobalIDString = D2AAC07D0554694100DB518D;
			remoteInfo = CordovaLib;
		};
/* End PBXContainerItemProxy section */

/* Begin PBXFileReference section */
		0207DA571B56EA530066E2B4 /* Images.xcassets */ = {isa = PBXFileReference; lastKnownFileType = folder.assetcatalog; name = Images.xcassets; path = "myapp/Images.xcassets"; sourceTree = SOURCE_ROOT; };
		1D3623240D0F684500981E51 /* AppDelegate.h */ = {isa = PBXFileReference; fileEncoding = 4; lastKnownFileType = sourcecode.c.h; path = AppDelegate.h; sourceTree = "<group>"; };
		1D3623250D0F684500981E51 /* AppDelegate.m */ = {isa = PBXFileReference; fileEncoding = 4; lastKnownFileType = sourcecode.c.objc; path = AppDelegate.m; sourceTree = "<group>"; };
		1D6058910D05DD3D006BFB54 /* myapp.app */ = {isa = PBXFileReference; explicitFileType = wrapper.application; includeInIndex = 0; path = "myapp.app"; sourceTree = BUILT_PRODUCTS_DIR; };
		29B97316FDCFA39411CA2CEA /* main.m */ = {isa = PBXFileReference; fileEncoding = 4; lastKnownFileType = sourcecode.c.objc; path = main.m; sourceTree = "<group>"; };
		301BF52D109A57CC0062928A /* CordovaLib.xcodeproj */ = {isa = PBXFileReference; lastKnownFileType = "wrapper.pb-project"; path = CordovaLib/CordovaLib.xcodeproj; sourceTree = "<group>"; };
		301BF56E109A69640062928A /* www */ = {isa = PBXFileReference; lastKnownFileType = folder; path = www; sourceTree = SOURCE_ROOT; };
		302D95EE14D2391D003F00A1 /* MainViewController.h */ = {isa = PBXFileReference; fileEncoding = 4; lastKnownFileType = sourcecode.c.h; path = MainViewController.h; sourceTree = "<group>"; };
		302D95EF14D2391D003F00A1 /* MainViewController.m */ = {isa = PBXFileReference; fileEncoding = 4; lastKnownFileType = sourcecode.c.objc; path = MainViewController.m; sourceTree = "<group>"; };
		302D95F014D2391D003F00A1 /* MainViewController.xib */ = {isa = PBXFileReference; fileEncoding = 4; lastKnownFileType = file.xib; path = MainViewController.xib; sourceTree = "<group>"; };
		3047A50F1AB8059700498E2A /* build-debug.xcconfig */ = {isa = PBXFileReference; fileEncoding = 4; lastKnownFileType = text.xcconfig; name = "build-debug.xcconfig"; path = cordova/build-debug.xcconfig; sourceTree = SOURCE_ROOT; };
		3047A5101AB8059700498E2A /* build-release.xcconfig */ = {isa = PBXFileReference; fileEncoding = 4; lastKnownFileType = text.xcconfig; name = "build-release.xcconfig"; path = cordova/build-release.xcconfig; sourceTree = SOURCE_ROOT; };
		3047A5111AB8059700498E2A /* build.xcconfig */ = {isa = PBXFileReference; fileEncoding = 4; lastKnownFileType = text.xcconfig; name = build.xcconfig; path = cordova/build.xcconfig; sourceTree = SOURCE_ROOT; };
		32CA4F630368D1EE00C91783 /* myapp-Prefix.pch */ = {isa = PBXFileReference; fileEncoding = 4; lastKnownFileType = sourcecode.c.h; path = "myapp-Prefix.pch"; sourceTree = "<group>"; };
		6AFF5BF81D6E424B00AB3073 /* CDVLaunchScreen.storyboard */ = {isa = PBXFileReference; fileEncoding = 4; lastKnownFileType = file.storyboard; name = CDVLaunchScreen.storyboard; path = "myapp/CDVLaunchScreen.storyboard"; sourceTree = SOURCE_ROOT; };
		8D1107310486CEB800E47090 /* myapp-Info.plist */ = {isa = PBXFileReference; fileEncoding = 4; lastKnownFileType = text.plist.xml; name = "myapp-Info.plist"; path = "myapp/myapp-Info.plist"; plistStructureDefinitionIdentifier = "com.apple.xcode.plist.structure-definition.iphone.info-plist"; sourceTree = SOURCE_ROOT; };
		EB87FDF31871DA8E0020F90C /* www */ = {isa = PBXFileReference; lastKnownFileType = folder; name = www; path = ../../www; sourceTree = "<group>"; };
		EB87FDF41871DAF40020F90C /* config.xml */ = {isa = PBXFileReference; lastKnownFileType = text.xml; name = config.xml; path = ../../config.xml; sourceTree = "<group>"; };
		F840E1F0165FE0F500CFE078 /* config.xml */ = {isa = PBXFileReference; lastKnownFileType = text.xml; name = config.xml; path = "myapp/config.xml"; sourceTree = "<group>"; };
		ED33DF2A687741AEAF9F8254 /* Bridging-Header.h */ = {isa = PBXFileReference; fileEncoding = 4; lastKnownFileType = sourcecode.c.h; name = "Bridging-Header.h"; path = "Bridging-Header.h"; sourceTree = "<group>"; };
		6E228A2F73B7474E900978E2 /* CDVLogger.m */ = {isa = PBXFileReference; name = "CDVLogger.m"; path = "cordova-plugin-console/CDVLogger.m"; sourceTree = "<group>"; fileEncoding = 4; lastKnownFileType = sourcecode.c.objc; explicitFileType = undefined; includeInIndex = 0; };
		35EFDDE84FAC400D823269D4 /* CDVLogger.h */ = {isa = PBXFileReference; name = "CDVLogger.h"; path = "cordova-plugin-console/CDVLogger.h"; sourceTree = "<group>"; fileEncoding = 4; lastKnownFileType = sourcecode.c.h; explicitFileType = undefined; includeInIndex = 0; };
		DEE12F3A0F4D4E1280986CAC /* CDVDevice.m */ = {isa = PBXFileReference; name = "CDVDevice.m"; path = "cordova-plugin-device/CDVDevice.m"; sourceTree = "<group>"; fileEncoding = 4; lastKnownFileType = sourcecode.c.objc; explicitFileType = undefined; includeInIndex = 0; };
		0B30E110941B41248995A2BB /* CDVDevice.h */ = {isa = PBXFileReference; name = "CDVDevice.h"; path = "cordova-plugin-device/CDVDevice.h"; sourceTree = "<group>"; fileEncoding = 4; lastKnownFileType = sourcecode.c.h; explicitFileType = undefined; includeInIndex = 0; };
		8AA211C9F1C144BB9DFAA07F /* CDVWKWebViewEngine.m */ = {isa = PBXFileReference; name = "CDVWKWebViewEngine.m"; path = "cordova-plugin-ionic-webview/CDVWKWebViewEngine.m"; sourceTree = "<group>"; fileEncoding = 4; lastKnownFileType = sourcecode.c.objc; explicitFileType = undefined; includeInIndex = 0; };
		B59231074F0D49C184C175B3 /* CDVWKWebViewUIDelegate.m */ = {isa = PBXFileReference; name = "CDVWKWebViewUIDelegate.m"; path = "cordova-plugin-ionic-webview/CDVWKWebViewUIDelegate.m"; sourceTree = "<group>"; fileEncoding = 4; lastKnownFileType = sourcecode.c.objc; explicitFileType = undefined; includeInIndex = 0; };
		83E3BE4E2EDA4501B33FC5C7 /* CDVWKProcessPoolFactory.m */ = {isa = PBXFileReference; name = "CDVWKProcessPoolFactory.m"; path = "cordova-plugin-ionic-webview/CDVWKProcessPoolFactory.m"; sourceTree = "<group>"; fileEncoding = 4; lastKnownFileType = sourcecode.c.objc; explicitFileType = undefined; includeInIndex = 0; };
		6DBDFE68CA2E42D58D9904DC /* GCDWebServer.m */ = {isa = PBXFileReference; name = "GCDWebServer.m"; path = "cordova-plugin-ionic-webview/GCDWebServer.m"; sourceTree = "<group>"; fileEncoding = 4; lastKnownFileType = sourcecode.c.objc; explicitFileType = undefined; includeInIndex = 0; };
		506905BE079242759598DC24 /* GCDWebServerConnection.m */ = {isa = PBXFileReference; name = "GCDWebServerConnection.m"; path = "cordova-plugin-ionic-webview/GCDWebServerConnection.m"; sourceTree = "<group>"; fileEncoding = 4; lastKnownFileType = sourcecode.c.objc; explicitFileType = undefined; includeInIndex = 0; };
		9AE6A7E1C253478498EB0D34 /* GCDWebServerFunctions.m */ = {isa = PBXFileReference; name = "GCDWebServerFunctions.m"; path = "cordova-plugin-ionic-webview/GCDWebServerFunctions.m"; sourceTree = "<group>"; fileEncoding = 4; lastKnownFileType = sourcecode.c.objc; explicitFileType = undefined; includeInIndex = 0; };
		96076A424E3741319184AD79 /* GCDWebServerRequest.m */ = {isa = PBXFileReference; name = "GCDWebServerRequest.m"; path = "cordova-plugin-ionic-webview/GCDWebServerRequest.m"; sourceTree = "<group>"; fileEncoding = 4; lastKnownFileType = sourcecode.c.objc; explicitFileType = undefined; includeInIndex = 0; };
		FB26B899184743B5A14608C8 /* GCDWebServerResponse.m */ = {isa = PBXFileReference; name = "GCDWebServerResponse.m"; path = "cordova-plugin-ionic-webview/GCDWebServerResponse.m"; sourceTree = "<group>"; fileEncoding = 4; lastKnownFileType = sourcecode.c.objc; explicitFileType = undefined; includeInIndex = 0; };
		14E35E2EFC7E4AD4B3886830 /* GCDWebServerDataRequest.m */ = {isa = PBXFileReference; name = "GCDWebServerDataRequest.m"; path = "cordova-plugin-ionic-webview/GCDWebServerDataRequest.m"; sourceTree = "<group>"; fileEncoding = 4; lastKnownFileType = sourcecode.c.objc; explicitFileType = undefined; includeInIndex = 0; };
		191DD15834C742E4A76AB3DA /* GCDWebServerFileRequest.m */ = {isa = PBXFileReference; name = "GCDWebServerFileRequest.m"; path = "cordova-plugin-ionic-webview/GCDWebServerFileRequest.m"; sourceTree = "<group>"; fileEncoding = 4; lastKnownFileType = sourcecode.c.objc; explicitFileType = undefined; includeInIndex = 0; };
		D949424FBCAB4B53B661E0DC /* GCDWebServerMultiPartFormRequest.m */ = {isa = PBXFileReference; name = "GCDWebServerMultiPartFormRequest.m"; path = "cordova-plugin-ionic-webview/GCDWebServerMultiPartFormRequest.m"; sourceTree = "<group>"; fileEncoding = 4; lastKnownFileType = sourcecode.c.objc; explicitFileType = undefined; includeInIndex = 0; };
		90AB0DA0006049AFA2B609CE /* GCDWebServerURLEncodedFormRequest.m */ = {isa = PBXFileReference; name = "GCDWebServerURLEncodedFormRequest.m"; path = "cordova-plugin-ionic-webview/GCDWebServerURLEncodedFormRequest.m"; sourceTree = "<group>"; fileEncoding = 4; lastKnownFileType = sourcecode.c.objc; explicitFileType = undefined; includeInIndex = 0; };
		80C8874F2466409FAF5F52F5 /* GCDWebServerDataResponse.m */ = {isa = PBXFileReference; name = "GCDWebServerDataResponse.m"; path = "cordova-plugin-ionic-webview/GCDWebServerDataResponse.m"; sourceTree = "<group>"; fileEncoding = 4; lastKnownFileType = sourcecode.c.objc; explicitFileType = undefined; includeInIndex = 0; };
		E29DD1AFC6084FB0B65DA539 /* GCDWebServerErrorResponse.m */ = {isa = PBXFileReference; name = "GCDWebServerErrorResponse.m"; path = "cordova-plugin-ionic-webview/GCDWebServerErrorResponse.m"; sourceTree = "<group>"; fileEncoding = 4; lastKnownFileType = sourcecode.c.objc; explicitFileType = undefined; includeInIndex = 0; };
		AB96184E37124C5BA2D6A313 /* GCDWebServerFileResponse.m */ = {isa = PBXFileReference; name = "GCDWebServerFileResponse.m"; path = "cordova-plugin-ionic-webview/GCDWebServerFileResponse.m"; sourceTree = "<group>"; fileEncoding = 4; lastKnownFileType = sourcecode.c.objc; explicitFileType = undefined; includeInIndex = 0; };
		1EA9C3A62CBA4F3C8733015E /* GCDWebServerStreamedResponse.m */ = {isa = PBXFileReference; name = "GCDWebServerStreamedResponse.m"; path = "cordova-plugin-ionic-webview/GCDWebServerStreamedResponse.m"; sourceTree = "<group>"; fileEncoding = 4; lastKnownFileType = sourcecode.c.objc; explicitFileType = undefined; includeInIndex = 0; };
		99E37050A609496899D04934 /* CDVWKWebViewEngine.h */ = {isa = PBXFileReference; name = "CDVWKWebViewEngine.h"; path = "cordova-plugin-ionic-webview/CDVWKWebViewEngine.h"; sourceTree = "<group>"; fileEncoding = 4; lastKnownFileType = sourcecode.c.h; explicitFileType = undefined; includeInIndex = 0; };
		CFBE57A1D8804090A6F0300C /* CDVWKWebViewUIDelegate.h */ = {isa = PBXFileReference; name = "CDVWKWebViewUIDelegate.h"; path = "cordova-plugin-ionic-webview/CDVWKWebViewUIDelegate.h"; sourceTree = "<group>"; fileEncoding = 4; lastKnownFileType = sourcecode.c.h; explicitFileType = undefined; includeInIndex = 0; };
		512547C31D4746F5A059B1E6 /* CDVWKProcessPoolFactory.h */ = {isa = PBXFileReference; name = "CDVWKProcessPoolFactory.h"; path = "cordova-plugin-ionic-webview/CDVWKProcessPoolFactory.h"; sourceTree = "<group>"; fileEncoding = 4; lastKnownFileType = sourcecode.c.h; explicitFileType = undefined; includeInIndex = 0; };
		2CEDC0C2E72C4160937B010E /* GCDWebServer.h */ = {isa = PBXFileReference; name = "GCDWebServer.h"; path = "cordova-plugin-ionic-webview/GCDWebServer.h"; sourceTree = "<group>"; fileEncoding = 4; lastKnownFileType = sourcecode.c.h; explicitFileType = undefined; includeInIndex = 0; };
		AD446832DAD54B179C0A7886 /* GCDWebServerConnection.h */ = {isa = PBXFileReference; name = "GCDWebServerConnection.h"; path = "cordova-plugin-ionic-webview/GCDWebServerConnection.h"; sourceTree = "<group>"; fileEncoding = 4; lastKnownFileType = sourcecode.c.h; explicitFileType = undefined; includeInIndex = 0; };
		149580DF7987466DBA98010E /* GCDWebServerFunctions.h */ = {isa = PBXFileReference; name = "GCDWebServerFunctions.h"; path = "cordova-plugin-ionic-webview/GCDWebServerFunctions.h"; sourceTree = "<group>"; fileEncoding = 4; lastKnownFileType = sourcecode.c.h; explicitFileType = undefined; includeInIndex = 0; };
		57F407AAC69E492589E20180 /* GCDWebServerHTTPStatusCodes.h */ = {isa = PBXFileReference; name = "GCDWebServerHTTPStatusCodes.h"; path = "cordova-plugin-ionic-webview/GCDWebServerHTTPStatusCodes.h"; sourceTree = "<group>"; fileEncoding = 4; lastKnownFileType = sourcecode.c.h; explicitFileType = undefined; includeInIndex = 0; };
		46A31F5976994688A6A9D207 /* GCDWebServerPrivate.h */ = {isa = PBXFileReference; name = "GCDWebServerPrivate.h"; path = "cordova-plugin-ionic-webview/GCDWebServerPrivate.h"; sourceTree = "<group>"; fileEncoding = 4; lastKnownFileType = sourcecode.c.h; explicitFileType = undefined; includeInIndex = 0; };
		5FD1F5B4EDC746A0BFFA2C5E /* GCDWebServerRequest.h */ = {isa = PBXFileReference; name = "GCDWebServerRequest.h"; path = "cordova-plugin-ionic-webview/GCDWebServerRequest.h"; sourceTree = "<group>"; fileEncoding = 4; lastKnownFileType = sourcecode.c.h; explicitFileType = undefined; includeInIndex = 0; };
		1F6BDE71D28049B1B735E135 /* GCDWebServerResponse.h */ = {isa = PBXFileReference; name = "GCDWebServerResponse.h"; path = "cordova-plugin-ionic-webview/GCDWebServerResponse.h"; sourceTree = "<group>"; fileEncoding = 4; lastKnownFileType = sourcecode.c.h; explicitFileType = undefined; includeInIndex = 0; };
		2B556ED9F1F544DA9A785442 /* GCDWebServerDataRequest.h */ = {isa = PBXFileReference; name = "GCDWebServerDataRequest.h"; path = "cordova-plugin-ionic-webview/GCDWebServerDataRequest.h"; sourceTree = "<group>"; fileEncoding = 4; lastKnownFileType = sourcecode.c.h; explicitFileType = undefined; includeInIndex = 0; };
		2099621EE208452D9E86A937 /* GCDWebServerFileRequest.h */ = {isa = PBXFileReference; name = "GCDWebServerFileRequest.h"; path = "cordova-plugin-ionic-webview/GCDWebServerFileRequest.h"; sourceTree = "<group>"; fileEncoding = 4; lastKnownFileType = sourcecode.c.h; explicitFileType = undefined; includeInIndex = 0; };
		283507746D044460A046F2CB /* GCDWebServerMultiPartFormRequest.h */ = {isa = PBXFileReference; name = "GCDWebServerMultiPartFormRequest.h"; path = "cordova-plugin-ionic-webview/GCDWebServerMultiPartFormRequest.h"; sourceTree = "<group>"; fileEncoding = 4; lastKnownFileType = sourcecode.c.h; explicitFileType = undefined; includeInIndex = 0; };
		7ADB60316A3844418A2728BB /* GCDWebServerURLEncodedFormRequest.h */ = {isa = PBXFileReference; name = "GCDWebServerURLEncodedFormRequest.h"; path = "cordova-plugin-ionic-webview/GCDWebServerURLEncodedFormRequest.h"; sourceTree = "<group>"; fileEncoding = 4; lastKnownFileType = sourcecode.c.h; explicitFileType = undefined; includeInIndex = 0; };
		3530CB609AF54F14B3E59B00 /* GCDWebServerDataResponse.h */ = {isa = PBXFileReference; name = "GCDWebServerDataResponse.h"; path = "cordova-plugin-ionic-webview/GCDWebServerDataResponse.h"; sourceTree = "<group>"; fileEncoding = 4; lastKnownFileType = sourcecode.c.h; explicitFileType = undefined; includeInIndex = 0; };
		8E89155381E948C790CCC3BA /* GCDWebServerErrorResponse.h */ = {isa = PBXFileReference; name = "GCDWebServerErrorResponse.h"; path = "cordova-plugin-ionic-webview/GCDWebServerErrorResponse.h"; sourceTree = "<group>"; fileEncoding = 4; lastKnownFileType = sourcecode.c.h; explicitFileType = undefined; includeInIndex = 0; };
		595FA77A482348E691580B14 /* GCDWebServerFileResponse.h */ = {isa = PBXFileReference; name = "GCDWebServerFileResponse.h"; path = "cordova-plugin-ionic-webview/GCDWebServerFileResponse.h"; sourceTree = "<group>"; fileEncoding = 4; lastKnownFileType = sourcecode.c.h; explicitFileType = undefined; includeInIndex = 0; };
		39BA5C87F25C4E429AE6408D /* GCDWebServerStreamedResponse.h */ = {isa = PBXFileReference; name = "GCDWebServerStreamedResponse.h"; path = "cordova-plugin-ionic-webview/GCDWebServerStreamedResponse.h"; sourceTree = "<group>"; fileEncoding = 4; lastKnownFileType = sourcecode.c.h; explicitFileType = undefined; includeInIndex = 0; };
		54B467305CE24240970FE4D5 /* WebKit.framework */ = {isa = PBXFileReference; name = "WebKit.framework"; path = "System/Library/Frameworks/WebKit.framework"; sourceTree = SDKROOT; fileEncoding = undefined; lastKnownFileType = wrapper.framework; explicitFileType = undefined; includeInIndex = 0; };
		61DB8B6602D946EE8B05EA8F /* libz.tbd */ = {isa = PBXFileReference; name = "libz.tbd"; path = "usr/lib/libz.tbd"; sourceTree = SDKROOT; fileEncoding = undefined; lastKnownFileType = sourcecode.text-based-dylib-definition; explicitFileType = undefined; includeInIndex = 0; };
		006F7E0A65114926A830CB75 /* CDVSplashScreen.m */ = {isa = PBXFileReference; name = "CDVSplashScreen.m"; path = "cordova-plugin-splashscreen/CDVSplashScreen.m"; sourceTree = "<group>"; fileEncoding = 4; lastKnownFileType = sourcecode.c.objc; explicitFileType = undefined; includeInIndex = 0; };
		338329E5DE124C30B005F78D /* CDVViewController+SplashScreen.m */ = {isa = PBXFileReference; name = "CDVViewController+SplashScreen.m"; path = "cordova-plugin-splashscreen/CDVViewController+SplashScreen.m"; sourceTree = "<group>"; fileEncoding = 4; lastKnownFileType = sourcecode.c.objc; explicitFileType = undefined; includeInIndex = 0; };
		44E8823D3B3C4DDB866EFC6E /* CDVSplashScreen.h */ = {isa = PBXFileReference; name = "CDVSplashScreen.h"; path = "cordova-plugin-splashscreen/CDVSplashScreen.h"; sourceTree = "<group>"; fileEncoding = 4; lastKnownFileType = sourcecode.c.h; explicitFileType = undefined; includeInIndex = 0; };
		08479DF37B1B4EEAABAB2C1B /* CDVViewController+SplashScreen.h */ = {isa = PBXFileReference; name = "CDVViewController+SplashScreen.h"; path = "cordova-plugin-splashscreen/CDVViewController+SplashScreen.h"; sourceTree = "<group>"; fileEncoding = 4; lastKnownFileType = sourcecode.c.h; explicitFileType = undefined; includeInIndex = 0; };
		ACDEAA39DA6C479A845E8FCC /* CDVStatusBar.m */ = {isa = PBXFileReference; name = "CDVStatusBar.m"; path = "cordova-plugin-statusbar/CDVStatusBar.m"; sourceTree = "<group>"; fileEncoding = 4; lastKnownFileType = sourcecode.c.objc; explicitFileType = undefined; includeInIndex = 0; };
		48A44539B80643D690F87468 /* CDVStatusBar.h */ = {isa = PBXFileReference; name = "CDVStatusBar.h"; path = "cordova-plugin-statusbar/CDVStatusBar.h"; sourceTree = "<group>"; fileEncoding = 4; lastKnownFileType = sourcecode.c.h; explicitFileType = undefined; includeInIndex = 0; };
		C739D2876EF541AAB16B7F13 /* IonicKeyboard.m */ = {isa = PBXFileReference; name = "IonicKeyboard.m"; path = "ionic-plugin-keyboard/IonicKeyboard.m"; sourceTree = "<group>"; fileEncoding = 4; lastKnownFileType = sourcecode.c.objc; explicitFileType = undefined; includeInIndex = 0; };
		E1218F5DB9D94457B156ADCA /* IonicKeyboard.h */ = {isa = PBXFileReference; name = "IonicKeyboard.h"; path = "ionic-plugin-keyboard/IonicKeyboard.h"; sourceTree = "<group>"; fileEncoding = 4; lastKnownFileType = sourcecode.c.h; explicitFileType = undefined; includeInIndex = 0; };
/* End PBXFileReference section */

/* Begin PBXFrameworksBuildPhase section */
		1D60588F0D05DD3D006BFB54 /* Frameworks */ = {
			isa = PBXFrameworksBuildPhase;
			buildActionMask = 2147483647;
			files = (
				301BF552109A68D80062928A /* libCordova.a in Frameworks */,
				A537A2CA076B45DCAC8C99F8 /* WebKit.framework in Frameworks */,
				7F2B3D13935D480E852C6F79 /* libz.tbd in Frameworks */,
			);
			runOnlyForDeploymentPostprocessing = 0;
		};
/* End PBXFrameworksBuildPhase section */

/* Begin PBXGroup section */
		080E96DDFE201D6D7F000001 /* Classes */ = {
			isa = PBXGroup;
			children = (
				302D95EE14D2391D003F00A1 /* MainViewController.h */,
				302D95EF14D2391D003F00A1 /* MainViewController.m */,
				302D95F014D2391D003F00A1 /* MainViewController.xib */,
				1D3623240D0F684500981E51 /* AppDelegate.h */,
				1D3623250D0F684500981E51 /* AppDelegate.m */,
			);
			name = Classes;
			path = "myapp/Classes";
			sourceTree = SOURCE_ROOT;
		};
		19C28FACFE9D520D11CA2CBB /* Products */ = {
			isa = PBXGroup;
			children = (
				1D6058910D05DD3D006BFB54 /* myapp.app */,
			);
			name = Products;
			sourceTree = "<group>";
		};
		29B97314FDCFA39411CA2CEA /* CustomTemplate */ = {
			isa = PBXGroup;
			children = (
				EB87FDF41871DAF40020F90C /* config.xml */,
				EB87FDF31871DA8E0020F90C /* www */,
				EB87FDF11871DA420020F90C /* Staging */,
				301BF52D109A57CC0062928A /* CordovaLib.xcodeproj */,
				080E96DDFE201D6D7F000001 /* Classes */,
				307C750510C5A3420062BCA9 /* Plugins */,
				29B97315FDCFA39411CA2CEA /* Other Sources */,
				29B97317FDCFA39411CA2CEA /* Resources */,
				29B97323FDCFA39411CA2CEA /* Frameworks */,
				19C28FACFE9D520D11CA2CBB /* Products */,
			);
			name = CustomTemplate;
			sourceTree = "<group>";
		};
		29B97315FDCFA39411CA2CEA /* Other Sources */ = {
			isa = PBXGroup;
			children = (
				32CA4F630368D1EE00C91783 /* myapp-Prefix.pch */,
				29B97316FDCFA39411CA2CEA /* main.m */,
				ED33DF2A687741AEAF9F8254 /* Bridging-Header.h */,
			);
			name = "Other Sources";
			path = "myapp";
			sourceTree = "<group>";
		};
		29B97317FDCFA39411CA2CEA /* Resources */ = {
			isa = PBXGroup;
			children = (
				0207DA571B56EA530066E2B4 /* Images.xcassets */,
				3047A50E1AB8057F00498E2A /* config */,
				8D1107310486CEB800E47090 /* myapp-Info.plist */,
				6AFF5BF81D6E424B00AB3073 /* CDVLaunchScreen.storyboard */,
			);
			name = Resources;
			path = "myapp/Resources";
			sourceTree = "<group>";
		};
		29B97323FDCFA39411CA2CEA /* Frameworks */ = {
			isa = PBXGroup;
			children = (
				54B467305CE24240970FE4D5 /* WebKit.framework */,
				61DB8B6602D946EE8B05EA8F /* libz.tbd */,
			);
			name = Frameworks;
			sourceTree = "<group>";
		};
		301BF52E109A57CC0062928A /* Products */ = {
			isa = PBXGroup;
			children = (
				301BF535109A57CC0062928A /* libCordova.a */,
			);
			name = Products;
			sourceTree = "<group>";
		};
		3047A50E1AB8057F00498E2A /* config */ = {
			isa = PBXGroup;
			children = (
				3047A50F1AB8059700498E2A /* build-debug.xcconfig */,
				3047A5101AB8059700498E2A /* build-release.xcconfig */,
				3047A5111AB8059700498E2A /* build.xcconfig */,
			);
			name = config;
			sourceTree = "<group>";
		};
		307C750510C5A3420062BCA9 /* Plugins */ = {
			isa = PBXGroup;
			children = (
				6E228A2F73B7474E900978E2 /* CDVLogger.m */,
				35EFDDE84FAC400D823269D4 /* CDVLogger.h */,
				DEE12F3A0F4D4E1280986CAC /* CDVDevice.m */,
				0B30E110941B41248995A2BB /* CDVDevice.h */,
				8AA211C9F1C144BB9DFAA07F /* CDVWKWebViewEngine.m */,
				B59231074F0D49C184C175B3 /* CDVWKWebViewUIDelegate.m */,
				83E3BE4E2EDA4501B33FC5C7 /* CDVWKProcessPoolFactory.m */,
				6DBDFE68CA2E42D58D9904DC /* GCDWebServer.m */,
				506905BE079242759598DC24 /* GCDWebServerConnection.m */,
				9AE6A7E1C253478498EB0D34 /* GCDWebServerFunctions.m */,
				96076A424E3741319184AD79 /* GCDWebServerRequest.m */,
				FB26B899184743B5A14608C8 /* GCDWebServerResponse.m */,
				14E35E2EFC7E4AD4B3886830 /* GCDWebServerDataRequest.m */,
				191DD15834C742E4A76AB3DA /* GCDWebServerFileRequest.m */,
				D949424FBCAB4B53B661E0DC /* GCDWebServerMultiPartFormRequest.m */,
				90AB0DA0006049AFA2B609CE /* GCDWebServerURLEncodedFormRequest.m */,
				80C8874F2466409FAF5F52F5 /* GCDWebServerDataResponse.m */,
				E29DD1AFC6084FB0B65DA539 /* GCDWebServerErrorResponse.m */,
				AB96184E37124C5BA2D6A313 /* GCDWebServerFileResponse.m */,
				1EA9C3A62CBA4F3C8733015E /* GCDWebServerStreamedResponse.m */,
				99E37050A609496899D04934 /* CDVWKWebViewEngine.h */,
				CFBE57A1D8804090A6F0300C /* CDVWKWebViewUIDelegate.h */,
				512547C31D4746F5A059B1E6 /* CDVWKProcessPoolFactory.h */,
				2CEDC0C2E72C4160937B010E /* GCDWebServer.h */,
				AD446832DAD54B179C0A7886 /* GCDWebServerConnection.h */,
				149580DF7987466DBA98010E /* GCDWebServerFunctions.h */,
				57F407AAC69E492589E20180 /* GCDWebServerHTTPStatusCodes.h */,
				46A31F5976994688A6A9D207 /* GCDWebServerPrivate.h */,
				5FD1F5B4EDC746A0BFFA2C5E /* GCDWebServerRequest.h */,
				1F6BDE71D28049B1B735E135 /* GCDWebServerResponse.h */,
				2B556ED9F1F544DA9A785442 /* GCDWebServerDataRequest.h */,
				2099621EE208452D9E86A937 /* GCDWebServerFileRequest.h */,
				283507746D044460A046F2CB /* GCDWebServerMultiPartFormRequest.h */,
				7ADB60316A3844418A2728BB /* GCDWebServerURLEncodedFormRequest.h */,
				3530CB609AF54F14B3E59B00 /* GCDWebServerDataResponse.h */,
				8E89155381E948C790CCC3BA /* GCDWebServerErrorResponse.h */,
				595FA77A482348E691580B14 /* GCDWebServerFileResponse.h */,
				39BA5C87F25C4E429AE6408D /* GCDWebServerStreamedResponse.h */,
				006F7E0A65114926A830CB75 /* CDVSplashScreen.m */,
				338329E5DE124C30B005F78D /* CDVViewController+SplashScreen.m */,
				44E8823D3B3C4DDB866EFC6E /* CDVSplashScreen.h */,
				08479DF37B1B4EEAABAB2C1B /* CDVViewController+SplashScreen.h */,
				ACDEAA39DA6C479A845E8FCC /* CDVStatusBar.m */,
				48A44539B80643D690F87468 /* CDVStatusBar.h */,
				C739D2876EF541AAB16B7F13 /* IonicKeyboard.m */,
				E1218F5DB9D94457B156ADCA /* IonicKeyboard.h */,
			);
			name = Plugins;
			path = "myapp/Plugins";
			sourceTree = SOURCE_ROOT;
		};
		EB87FDF11871DA420020F90C /* Staging */ = {
			isa = PBXGroup;
			children = (
				F840E1F0165FE0F500CFE078 /* config.xml */,
				301BF56E109A69640062928A /* www */,
			);
			name = Staging;
			sourceTree = "<group>";
		};
/* End PBXGroup section */

/* Begin PBXNativeTarget section */
		1D6058900D05DD3D006BFB54 /* myapp */ = {
			isa = PBXNativeTarget;
			buildConfigurationList = 1D6058960D05DD3E006BFB54 /* Build configuration list for PBXNativeTarget "myapp" */;
			buildPhases = (
				304B58A110DAC018002A0835 /* Copy www directory */,
				1D60588D0D05DD3D006BFB54 /* Resources */,
				1D60588E0D05DD3D006BFB54 /* Sources */,
				1D60588F0D05DD3D006BFB54 /* Frameworks */,
			);
			buildRules = (
			);
			dependencies = (
				301BF551109A68C00062928A /* PBXTargetDependency */,
			);
			name = "myapp";
			productName = "myapp";
			productReference = 1D6058910D05DD3D006BFB54 /* myapp.app */;
			productType = "com.apple.product-type.application";
		};
/* End PBXNativeTarget section */

/* Begin PBXProject section */
		29B97313FDCFA39411CA2CEA /* Project object */ = {
			isa = PBXProject;
			attributes = {
				LastUpgradeCheck = 510;
			};
			buildConfigurationList = C01FCF4E08A954540054247B /* Build configuration list for PBXProject "__NON-CLI__" */;
			compatibilityVersion = "Xcode 3.2";
			developmentRegion = English;
			hasScannedForEncodings = 1;
			mainGroup = 29B97314FDCFA39411CA2CEA /* CustomTemplate */;
			projectDirPath = "";
			projectReferences = (
				{
					ProductGroup = 301BF52E109A57CC0062928A /* Products */;
					ProjectRef = 301BF52D109A57CC0062928A /* CordovaLib.xcodeproj */;
				},
			);
			projectRoot = "";
			targets = (
				1D6058900D05DD3D006BFB54 /* myapp */,
			);
		};
/* End PBXProject section */

/* Begin PBXReferenceProxy section */
		301BF535109A57CC0062928A /* libCordova.a */ = {
			isa = PBXReferenceProxy;
			fileType = archive.ar;
			path = libCordova.a;
			remoteRef = 301BF534109A57CC0062928A /* PBXContainerItemProxy */;
			sourceTree = BUILT_PRODUCTS_DIR;
		};
/* End PBXReferenceProxy section */

/* Begin PBXResourcesBuildPhase section */
		1D60588D0D05DD3D006BFB54 /* Resources */ = {
			isa = PBXResourcesBuildPhase;
			buildActionMask = 2147483647;
			files = (
				302D95F214D2391D003F00A1 /* MainViewController.xib in Resources */,
				0207DA581B56EA530066E2B4 /* Images.xcassets in Resources */,
				6AFF5BF91D6E424B00AB3073 /* CDVLaunchScreen.storyboard in Resources */,
			);
			runOnlyForDeploymentPostprocessing = 0;
		};
/* End PBXResourcesBuildPhase section */

/* Begin PBXShellScriptBuildPhase section */
		304B58A110DAC018002A0835 /* Copy www directory */ = {
			isa = PBXShellScriptBuildPhase;
			buildActionMask = 2147483647;
			files = (
			);
			inputPaths = (
			);
			name = "Copy www directory";
			outputPaths = (
			);
			runOnlyForDeploymentPostprocessing = 0;
			shellPath = /bin/sh;
			shellScript = "NODEJS_PATH=/usr/local/bin; NVM_NODE_PATH=~/.nvm/versions/node/`nvm version 2>/dev/null`/bin; N_NODE_PATH=`find /usr/local/n/versions/node/* -maxdepth 0 -type d 2>/dev/null | tail -1`/bin; XCODE_NODE_PATH=`xcode-select --print-path`/usr/share/xcs/Node/bin; PATH=$NODEJS_PATH:$NVM_NODE_PATH:$N_NODE_PATH:$XCODE_NODE_PATH:$PATH && node cordova/lib/copy-www-build-step.js";
			showEnvVarsInLog = 0;
		};
/* End PBXShellScriptBuildPhase section */

/* Begin PBXSourcesBuildPhase section */
		1D60588E0D05DD3D006BFB54 /* Sources */ = {
			isa = PBXSourcesBuildPhase;
			buildActionMask = 2147483647;
			files = (
				1D60589B0D05DD56006BFB54 /* main.m in Sources */,
				1D3623260D0F684500981E51 /* AppDelegate.m in Sources */,
				302D95F114D2391D003F00A1 /* MainViewController.m in Sources */,
				2E80979D42354330B33C277A /* CDVLogger.m in Sources */,
				41C021872C6146039E395D33 /* CDVDevice.m in Sources */,
				F3E915298C1C43C1BBAECF73 /* CDVWKWebViewEngine.m in Sources */,
				5C265F92D2774CEF83315094 /* CDVWKWebViewUIDelegate.m in Sources */,
				3A00394635DE415CB989A5C7 /* CDVWKProcessPoolFactory.m in Sources */,
				DDC00EDD9C6C48DBA9135BD9 /* GCDWebServer.m in Sources */,
				5868C9E1B5F743088442B0E8 /* GCDWebServerConnection.m in Sources */,
				4DA3C63C030F4966A664C259 /* GCDWebServerFunctions.m in Sources */,
				A609D05849EB47FB8E5469C5 /* GCDWebServerRequest.m in Sources */,
				2F6A9382A2994C1080494480 /* GCDWebServerResponse.m in Sources */,
				91EEE9B03BA04F47B9B82B40 /* GCDWebServerDataRequest.m in Sources */,
				B7476292C1CE4346B2DBE4B0 /* GCDWebServerFileRequest.m in Sources */,
				1942DC8C3FC5484E88B63542 /* GCDWebServerMultiPartFormRequest.m in Sources */,
				F0B63911A76D4CB78E24B31E /* GCDWebServerURLEncodedFormRequest.m in Sources */,
				11CD81DEB24647429369794D /* GCDWebServerDataResponse.m in Sources */,
				7EF2C21B369E4800A7F1AA72 /* GCDWebServerErrorResponse.m in Sources */,
				5C4551086E984DE888930707 /* GCDWebServerFileResponse.m in Sources */,
				F02E203C0A8C4952B18F0FB5 /* GCDWebServerStreamedResponse.m in Sources */,
				7F66F9AAE66D4F8CAC428CD5 /* CDVSplashScreen.m in Sources */,
				B9AB0B030FA84C60A7B063D5 /* CDVViewController+SplashScreen.m in Sources */,
				27FB3A20BBC34E4FA31EE366 /* CDVStatusBar.m in Sources */,
				DDFFD118075A429E80493305 /* IonicKeyboard.m in Sources */,
			);
			runOnlyForDeploymentPostprocessing = 0;
		};
/* End PBXSourcesBuildPhase section */

/* Begin PBXTargetDependency section */
		301BF551109A68C00062928A /* PBXTargetDependency */ = {
			isa = PBXTargetDependency;
			name = CordovaLib;
			targetProxy = 301BF550109A68C00062928A /* PBXContainerItemProxy */;
		};
/* End PBXTargetDependency section */

/* Begin XCBuildConfiguration section */
		1D6058940D05DD3E006BFB54 /* Debug */ = {
			isa = XCBuildConfiguration;
			baseConfigurationReference = 3047A50F1AB8059700498E2A /* build-debug.xcconfig */;
			buildSettings = {
				ALWAYS_SEARCH_USER_PATHS = NO;
				ASSETCATALOG_COMPILER_APPICON_NAME = AppIcon;
				ASSETCATALOG_COMPILER_LAUNCHIMAGE_NAME = LaunchImage;
				CLANG_ENABLE_MODULES = YES;
				CLANG_ENABLE_OBJC_ARC = YES;
				COPY_PHASE_STRIP = NO;
				GCC_DYNAMIC_NO_PIC = NO;
				GCC_OPTIMIZATION_LEVEL = 0;
				GCC_PRECOMPILE_PREFIX_HEADER = YES;
				GCC_PREFIX_HEADER = "myapp/myapp-Prefix.pch";
				GCC_THUMB_SUPPORT = NO;
				GCC_VERSION = "";
				INFOPLIST_FILE = "myapp/myapp-Info.plist";
				IPHONEOS_DEPLOYMENT_TARGET = 9.0;
				LD_RUNPATH_SEARCH_PATHS = "@executable_path/Frameworks";
				TARGETED_DEVICE_FAMILY = "1,2";
				PRODUCT_NAME = "myapp";
			};
			name = Debug;
		};
		1D6058950D05DD3E006BFB54 /* Release */ = {
			isa = XCBuildConfiguration;
			baseConfigurationReference = 3047A5101AB8059700498E2A /* build-release.xcconfig */;
			buildSettings = {
				ALWAYS_SEARCH_USER_PATHS = NO;
				ASSETCATALOG_COMPILER_APPICON_NAME = AppIcon;
				ASSETCATALOG_COMPILER_LAUNCHIMAGE_NAME = LaunchImage;
				CLANG_ENABLE_MODULES = YES;
				CLANG_ENABLE_OBJC_ARC = YES;
				COPY_PHASE_STRIP = YES;
				GCC_PRECOMPILE_PREFIX_HEADER = YES;
				GCC_PREFIX_HEADER = "myapp/myapp-Prefix.pch";
				GCC_THUMB_SUPPORT = NO;
				GCC_VERSION = "";
				INFOPLIST_FILE = "myapp/myapp-Info.plist";
				IPHONEOS_DEPLOYMENT_TARGET = 9.0;
				LD_RUNPATH_SEARCH_PATHS = "@executable_path/Frameworks";
				TARGETED_DEVICE_FAMILY = "1,2";
				PRODUCT_NAME = "myapp";
			};
			name = Release;
		};
		C01FCF4F08A954540054247B /* Debug */ = {
			isa = XCBuildConfiguration;
			baseConfigurationReference = 3047A5111AB8059700498E2A /* build.xcconfig */;
			buildSettings = {
				CLANG_ENABLE_MODULES = YES;
				CLANG_ENABLE_OBJC_ARC = YES;
				CLANG_WARN_BOOL_CONVERSION = YES;
				CLANG_WARN_CONSTANT_CONVERSION = YES;
				CLANG_WARN_EMPTY_BODY = YES;
				CLANG_WARN_ENUM_CONVERSION = YES;
				CLANG_WARN_INT_CONVERSION = YES;
				CLANG_WARN__DUPLICATE_METHOD_MATCH = YES;
				GCC_C_LANGUAGE_STANDARD = c99;
				GCC_THUMB_SUPPORT = NO;
				GCC_VERSION = "";
				GCC_WARN_ABOUT_RETURN_TYPE = YES;
				GCC_WARN_UNDECLARED_SELECTOR = YES;
				GCC_WARN_UNINITIALIZED_AUTOS = YES;
				GCC_WARN_UNUSED_FUNCTION = YES;
				GCC_WARN_UNUSED_VARIABLE = YES;
				ONLY_ACTIVE_ARCH = YES;
				SDKROOT = iphoneos;
				SKIP_INSTALL = NO;
			};
			name = Debug;
		};
		C01FCF5008A954540054247B /* Release */ = {
			isa = XCBuildConfiguration;
			baseConfigurationReference = 3047A5111AB8059700498E2A /* build.xcconfig */;
			buildSettings = {
				CLANG_ENABLE_MODULES = YES;
				CLANG_ENABLE_OBJC_ARC = YES;
				CLANG_WARN_BOOL_CONVERSION = YES;
				CLANG_WARN_CONSTANT_CONVERSION = YES;
				CLANG_WARN_EMPTY_BODY = YES;
				CLANG_WARN_ENUM_CONVERSION = YES;
				CLANG_WARN_INT_CONVERSION = YES;
				CLANG_WARN__DUPLICATE_METHOD_MATCH = YES;
				GCC_C_LANGUAGE_STANDARD = c99;
				GCC_THUMB_SUPPORT = NO;
				GCC_VERSION = "";
				GCC_WARN_ABOUT_RETURN_TYPE = YES;
				GCC_WARN_UNDECLARED_SELECTOR = YES;
				GCC_WARN_UNINITIALIZED_AUTOS = YES;
				GCC_WARN_UNUSED_FUNCTION = YES;
				GCC_WARN_UNUSED_VARIABLE = YES;
				SDKROOT = iphoneos;
				SKIP_INSTALL = NO;
			};
			name = Release;
		};
/* End XCBuildConfiguration section */

/* Begin XCConfigurationList section */
		1D6058960D05DD3E006BFB54 /* Build configuration list for PBXNativeTarget "myapp" */ = {
			isa = XCConfigurationList;
			buildConfigurations = (
				1D6058940D05DD3E006BFB54 /* Debug */,
				1D6058950D05DD3E006BFB54 /* Release */,
			);
			defaultConfigurationIsVisible = 0;
			defaultConfigurationName = Release;
		};
		C01FCF4E08A954540054247B /* Build configuration list for PBXProject "__NON-CLI__" */ = {
			isa = XCConfigurationList;
			buildConfigurations = (
				C01FCF4F08A954540054247B /* Debug */,
				C01FCF5008A954540054247B /* Release */,
			);
			defaultConfigurationIsVisible = 0;
			defaultConfigurationName = Release;
		};
/* End XCConfigurationList section */
	};
	rootObject = 29B97313FDCFA39411CA2CEA /* Project object */;
}
